// !$*UTF8*$!
{
	archiveVersion = 1;
	classes = {
	};
	objectVersion = 56;
	objects = {

/* Begin PBXBuildFile section */
		813BEF1E2A7C319900BFE1AE /* Constants.swift in Sources */ = {isa = PBXBuildFile; fileRef = 813BEF1D2A7C319900BFE1AE /* Constants.swift */; };
		813BEF212A7C4C0000BFE1AE /* AuthViewController.swift in Sources */ = {isa = PBXBuildFile; fileRef = 813BEF202A7C4C0000BFE1AE /* AuthViewController.swift */; };
		813BEF232A7D8D8000BFE1AE /* WebViewController.swift in Sources */ = {isa = PBXBuildFile; fileRef = 813BEF222A7D8D8000BFE1AE /* WebViewController.swift */; };
		813BEF252A7E9CB600BFE1AE /* WebViewViewControllerDelegate.swift in Sources */ = {isa = PBXBuildFile; fileRef = 813BEF242A7E9CB600BFE1AE /* WebViewViewControllerDelegate.swift */; };
		81B8F4752A6BC11500EC9A70 /* SingleImageViewController.swift in Sources */ = {isa = PBXBuildFile; fileRef = 81B8F4742A6BC11500EC9A70 /* SingleImageViewController.swift */; };
		81F53B1A2A5B39BF00BCB33C /* AppDelegate.swift in Sources */ = {isa = PBXBuildFile; fileRef = 81F53B192A5B39BF00BCB33C /* AppDelegate.swift */; };
		81F53B1C2A5B39BF00BCB33C /* SceneDelegate.swift in Sources */ = {isa = PBXBuildFile; fileRef = 81F53B1B2A5B39BF00BCB33C /* SceneDelegate.swift */; };
		81F53B1E2A5B39BF00BCB33C /* ImagesListViewController.swift in Sources */ = {isa = PBXBuildFile; fileRef = 81F53B1D2A5B39BF00BCB33C /* ImagesListViewController.swift */; };
		81F53B212A5B39BF00BCB33C /* Main.storyboard in Resources */ = {isa = PBXBuildFile; fileRef = 81F53B1F2A5B39BF00BCB33C /* Main.storyboard */; };
		81F53B232A5B39C000BCB33C /* Assets.xcassets in Resources */ = {isa = PBXBuildFile; fileRef = 81F53B222A5B39C000BCB33C /* Assets.xcassets */; };
		81F53B262A5B39C000BCB33C /* LaunchScreen.storyboard in Resources */ = {isa = PBXBuildFile; fileRef = 81F53B242A5B39C000BCB33C /* LaunchScreen.storyboard */; };
		81F53B312A5B39C000BCB33C /* ImageFeedTests.swift in Sources */ = {isa = PBXBuildFile; fileRef = 81F53B302A5B39C000BCB33C /* ImageFeedTests.swift */; };
		81F53B3B2A5B39C000BCB33C /* ImageFeedUITests.swift in Sources */ = {isa = PBXBuildFile; fileRef = 81F53B3A2A5B39C000BCB33C /* ImageFeedUITests.swift */; };
		81F53B3D2A5B39C000BCB33C /* ImageFeedUITestsLaunchTests.swift in Sources */ = {isa = PBXBuildFile; fileRef = 81F53B3C2A5B39C000BCB33C /* ImageFeedUITestsLaunchTests.swift */; };
		81F53B4A2A5B4EB200BCB33C /* ImagesListCell.swift in Sources */ = {isa = PBXBuildFile; fileRef = 81F53B492A5B4EB200BCB33C /* ImagesListCell.swift */; };
		81F53B8A2A687B9F00BCB33C /* ProfileViewController.swift in Sources */ = {isa = PBXBuildFile; fileRef = 81F53B892A687B9F00BCB33C /* ProfileViewController.swift */; };
/* End PBXBuildFile section */

/* Begin PBXContainerItemProxy section */
		81F53B2D2A5B39C000BCB33C /* PBXContainerItemProxy */ = {
			isa = PBXContainerItemProxy;
			containerPortal = 81F53B0E2A5B39BF00BCB33C /* Project object */;
			proxyType = 1;
			remoteGlobalIDString = 81F53B152A5B39BF00BCB33C;
			remoteInfo = ImageFeed;
		};
		81F53B372A5B39C000BCB33C /* PBXContainerItemProxy */ = {
			isa = PBXContainerItemProxy;
			containerPortal = 81F53B0E2A5B39BF00BCB33C /* Project object */;
			proxyType = 1;
			remoteGlobalIDString = 81F53B152A5B39BF00BCB33C;
			remoteInfo = ImageFeed;
		};
/* End PBXContainerItemProxy section */

/* Begin PBXFileReference section */
		813BEF1D2A7C319900BFE1AE /* Constants.swift */ = {isa = PBXFileReference; lastKnownFileType = sourcecode.swift; path = Constants.swift; sourceTree = "<group>"; };
		813BEF202A7C4C0000BFE1AE /* AuthViewController.swift */ = {isa = PBXFileReference; lastKnownFileType = sourcecode.swift; path = AuthViewController.swift; sourceTree = "<group>"; };
		813BEF222A7D8D8000BFE1AE /* WebViewController.swift */ = {isa = PBXFileReference; lastKnownFileType = sourcecode.swift; path = WebViewController.swift; sourceTree = "<group>"; };
		813BEF242A7E9CB600BFE1AE /* WebViewViewControllerDelegate.swift */ = {isa = PBXFileReference; lastKnownFileType = sourcecode.swift; path = WebViewViewControllerDelegate.swift; sourceTree = "<group>"; };
		81B8F4742A6BC11500EC9A70 /* SingleImageViewController.swift */ = {isa = PBXFileReference; lastKnownFileType = sourcecode.swift; path = SingleImageViewController.swift; sourceTree = "<group>"; };
		81F53B162A5B39BF00BCB33C /* ImageFeed.app */ = {isa = PBXFileReference; explicitFileType = wrapper.application; includeInIndex = 0; path = ImageFeed.app; sourceTree = BUILT_PRODUCTS_DIR; };
		81F53B192A5B39BF00BCB33C /* AppDelegate.swift */ = {isa = PBXFileReference; lastKnownFileType = sourcecode.swift; path = AppDelegate.swift; sourceTree = "<group>"; };
		81F53B1B2A5B39BF00BCB33C /* SceneDelegate.swift */ = {isa = PBXFileReference; lastKnownFileType = sourcecode.swift; path = SceneDelegate.swift; sourceTree = "<group>"; };
		81F53B1D2A5B39BF00BCB33C /* ImagesListViewController.swift */ = {isa = PBXFileReference; lastKnownFileType = sourcecode.swift; path = ImagesListViewController.swift; sourceTree = "<group>"; };
		81F53B202A5B39BF00BCB33C /* Base */ = {isa = PBXFileReference; lastKnownFileType = file.storyboard; name = Base; path = Base.lproj/Main.storyboard; sourceTree = "<group>"; };
		81F53B222A5B39C000BCB33C /* Assets.xcassets */ = {isa = PBXFileReference; lastKnownFileType = folder.assetcatalog; path = Assets.xcassets; sourceTree = "<group>"; };
		81F53B252A5B39C000BCB33C /* Base */ = {isa = PBXFileReference; lastKnownFileType = file.storyboard; name = Base; path = Base.lproj/LaunchScreen.storyboard; sourceTree = "<group>"; };
		81F53B272A5B39C000BCB33C /* Info.plist */ = {isa = PBXFileReference; lastKnownFileType = text.plist.xml; path = Info.plist; sourceTree = "<group>"; };
		81F53B2C2A5B39C000BCB33C /* ImageFeedTests.xctest */ = {isa = PBXFileReference; explicitFileType = wrapper.cfbundle; includeInIndex = 0; path = ImageFeedTests.xctest; sourceTree = BUILT_PRODUCTS_DIR; };
		81F53B302A5B39C000BCB33C /* ImageFeedTests.swift */ = {isa = PBXFileReference; lastKnownFileType = sourcecode.swift; path = ImageFeedTests.swift; sourceTree = "<group>"; };
		81F53B362A5B39C000BCB33C /* ImageFeedUITests.xctest */ = {isa = PBXFileReference; explicitFileType = wrapper.cfbundle; includeInIndex = 0; path = ImageFeedUITests.xctest; sourceTree = BUILT_PRODUCTS_DIR; };
		81F53B3A2A5B39C000BCB33C /* ImageFeedUITests.swift */ = {isa = PBXFileReference; lastKnownFileType = sourcecode.swift; path = ImageFeedUITests.swift; sourceTree = "<group>"; };
		81F53B3C2A5B39C000BCB33C /* ImageFeedUITestsLaunchTests.swift */ = {isa = PBXFileReference; lastKnownFileType = sourcecode.swift; path = ImageFeedUITestsLaunchTests.swift; sourceTree = "<group>"; };
		81F53B492A5B4EB200BCB33C /* ImagesListCell.swift */ = {isa = PBXFileReference; lastKnownFileType = sourcecode.swift; path = ImagesListCell.swift; sourceTree = "<group>"; };
		81F53B892A687B9F00BCB33C /* ProfileViewController.swift */ = {isa = PBXFileReference; lastKnownFileType = sourcecode.swift; path = ProfileViewController.swift; sourceTree = "<group>"; };
/* End PBXFileReference section */

/* Begin PBXFrameworksBuildPhase section */
		81F53B132A5B39BF00BCB33C /* Frameworks */ = {
			isa = PBXFrameworksBuildPhase;
			buildActionMask = 2147483647;
			files = (
			);
			runOnlyForDeploymentPostprocessing = 0;
		};
		81F53B292A5B39C000BCB33C /* Frameworks */ = {
			isa = PBXFrameworksBuildPhase;
			buildActionMask = 2147483647;
			files = (
			);
			runOnlyForDeploymentPostprocessing = 0;
		};
		81F53B332A5B39C000BCB33C /* Frameworks */ = {
			isa = PBXFrameworksBuildPhase;
			buildActionMask = 2147483647;
			files = (
			);
			runOnlyForDeploymentPostprocessing = 0;
		};
/* End PBXFrameworksBuildPhase section */

/* Begin PBXGroup section */
		813BEF1C2A7C316500BFE1AE /* Service */ = {
			isa = PBXGroup;
			children = (
				813BEF1D2A7C319900BFE1AE /* Constants.swift */,
			);
			path = Service;
			sourceTree = "<group>";
		};
		813BEF1F2A7C4BB600BFE1AE /* Auth */ = {
			isa = PBXGroup;
			children = (
				813BEF202A7C4C0000BFE1AE /* AuthViewController.swift */,
				813BEF222A7D8D8000BFE1AE /* WebViewController.swift */,
				813BEF242A7E9CB600BFE1AE /* WebViewViewControllerDelegate.swift */,
			);
			path = Auth;
			sourceTree = "<group>";
		};
		81B8F4732A6BC0A300EC9A70 /* SingleImageViewController */ = {
			isa = PBXGroup;
			children = (
				81B8F4742A6BC11500EC9A70 /* SingleImageViewController.swift */,
			);
			path = SingleImageViewController;
			sourceTree = "<group>";
		};
		81F53B0D2A5B39BF00BCB33C = {
			isa = PBXGroup;
			children = (
				81F53B182A5B39BF00BCB33C /* ImageFeed */,
				81F53B2F2A5B39C000BCB33C /* ImageFeedTests */,
				81F53B392A5B39C000BCB33C /* ImageFeedUITests */,
				81F53B172A5B39BF00BCB33C /* Products */,
			);
			sourceTree = "<group>";
		};
		81F53B172A5B39BF00BCB33C /* Products */ = {
			isa = PBXGroup;
			children = (
				81F53B162A5B39BF00BCB33C /* ImageFeed.app */,
				81F53B2C2A5B39C000BCB33C /* ImageFeedTests.xctest */,
				81F53B362A5B39C000BCB33C /* ImageFeedUITests.xctest */,
			);
			name = Products;
			sourceTree = "<group>";
		};
		81F53B182A5B39BF00BCB33C /* ImageFeed */ = {
			isa = PBXGroup;
			children = (
				81F53B192A5B39BF00BCB33C /* AppDelegate.swift */,
				81F53B1B2A5B39BF00BCB33C /* SceneDelegate.swift */,
				81F53B882A687B6900BCB33C /* Profile */,
				81F53B4B2A5B4EF800BCB33C /* ImagesList */,
				81B8F4732A6BC0A300EC9A70 /* SingleImageViewController */,
				813BEF1C2A7C316500BFE1AE /* Service */,
				813BEF1F2A7C4BB600BFE1AE /* Auth */,
				81F53B1F2A5B39BF00BCB33C /* Main.storyboard */,
				81F53B222A5B39C000BCB33C /* Assets.xcassets */,
				81F53B242A5B39C000BCB33C /* LaunchScreen.storyboard */,
				81F53B272A5B39C000BCB33C /* Info.plist */,
			);
			path = ImageFeed;
			sourceTree = "<group>";
		};
		81F53B2F2A5B39C000BCB33C /* ImageFeedTests */ = {
			isa = PBXGroup;
			children = (
				81F53B302A5B39C000BCB33C /* ImageFeedTests.swift */,
			);
			path = ImageFeedTests;
			sourceTree = "<group>";
		};
		81F53B392A5B39C000BCB33C /* ImageFeedUITests */ = {
			isa = PBXGroup;
			children = (
				81F53B3A2A5B39C000BCB33C /* ImageFeedUITests.swift */,
				81F53B3C2A5B39C000BCB33C /* ImageFeedUITestsLaunchTests.swift */,
			);
			path = ImageFeedUITests;
			sourceTree = "<group>";
		};
		81F53B4B2A5B4EF800BCB33C /* ImagesList */ = {
			isa = PBXGroup;
			children = (
				81F53B1D2A5B39BF00BCB33C /* ImagesListViewController.swift */,
				81F53B492A5B4EB200BCB33C /* ImagesListCell.swift */,
			);
			path = ImagesList;
			sourceTree = "<group>";
		};
		81F53B882A687B6900BCB33C /* Profile */ = {
			isa = PBXGroup;
			children = (
				81F53B892A687B9F00BCB33C /* ProfileViewController.swift */,
			);
			path = Profile;
			sourceTree = "<group>";
		};
/* End PBXGroup section */

/* Begin PBXNativeTarget section */
		81F53B152A5B39BF00BCB33C /* ImageFeed */ = {
			isa = PBXNativeTarget;
			buildConfigurationList = 81F53B402A5B39C000BCB33C /* Build configuration list for PBXNativeTarget "ImageFeed" */;
			buildPhases = (
				81F53B122A5B39BF00BCB33C /* Sources */,
				81F53B132A5B39BF00BCB33C /* Frameworks */,
				81F53B142A5B39BF00BCB33C /* Resources */,
			);
			buildRules = (
			);
			dependencies = (
			);
			name = ImageFeed;
			productName = ImageFeed;
			productReference = 81F53B162A5B39BF00BCB33C /* ImageFeed.app */;
			productType = "com.apple.product-type.application";
		};
		81F53B2B2A5B39C000BCB33C /* ImageFeedTests */ = {
			isa = PBXNativeTarget;
			buildConfigurationList = 81F53B432A5B39C000BCB33C /* Build configuration list for PBXNativeTarget "ImageFeedTests" */;
			buildPhases = (
				81F53B282A5B39C000BCB33C /* Sources */,
				81F53B292A5B39C000BCB33C /* Frameworks */,
				81F53B2A2A5B39C000BCB33C /* Resources */,
			);
			buildRules = (
			);
			dependencies = (
				81F53B2E2A5B39C000BCB33C /* PBXTargetDependency */,
			);
			name = ImageFeedTests;
			productName = ImageFeedTests;
			productReference = 81F53B2C2A5B39C000BCB33C /* ImageFeedTests.xctest */;
			productType = "com.apple.product-type.bundle.unit-test";
		};
		81F53B352A5B39C000BCB33C /* ImageFeedUITests */ = {
			isa = PBXNativeTarget;
			buildConfigurationList = 81F53B462A5B39C000BCB33C /* Build configuration list for PBXNativeTarget "ImageFeedUITests" */;
			buildPhases = (
				81F53B322A5B39C000BCB33C /* Sources */,
				81F53B332A5B39C000BCB33C /* Frameworks */,
				81F53B342A5B39C000BCB33C /* Resources */,
			);
			buildRules = (
			);
			dependencies = (
				81F53B382A5B39C000BCB33C /* PBXTargetDependency */,
			);
			name = ImageFeedUITests;
			productName = ImageFeedUITests;
			productReference = 81F53B362A5B39C000BCB33C /* ImageFeedUITests.xctest */;
			productType = "com.apple.product-type.bundle.ui-testing";
		};
/* End PBXNativeTarget section */

/* Begin PBXProject section */
		81F53B0E2A5B39BF00BCB33C /* Project object */ = {
			isa = PBXProject;
			attributes = {
				BuildIndependentTargetsInParallel = 1;
				LastSwiftUpdateCheck = 1430;
				LastUpgradeCheck = 1430;
				TargetAttributes = {
					81F53B152A5B39BF00BCB33C = {
						CreatedOnToolsVersion = 14.3;
					};
					81F53B2B2A5B39C000BCB33C = {
						CreatedOnToolsVersion = 14.3;
						TestTargetID = 81F53B152A5B39BF00BCB33C;
					};
					81F53B352A5B39C000BCB33C = {
						CreatedOnToolsVersion = 14.3;
						TestTargetID = 81F53B152A5B39BF00BCB33C;
					};
				};
			};
			buildConfigurationList = 81F53B112A5B39BF00BCB33C /* Build configuration list for PBXProject "ImageFeed" */;
			compatibilityVersion = "Xcode 14.0";
			developmentRegion = en;
			hasScannedForEncodings = 0;
			knownRegions = (
				en,
				Base,
			);
			mainGroup = 81F53B0D2A5B39BF00BCB33C;
			productRefGroup = 81F53B172A5B39BF00BCB33C /* Products */;
			projectDirPath = "";
			projectRoot = "";
			targets = (
				81F53B152A5B39BF00BCB33C /* ImageFeed */,
				81F53B2B2A5B39C000BCB33C /* ImageFeedTests */,
				81F53B352A5B39C000BCB33C /* ImageFeedUITests */,
			);
		};
/* End PBXProject section */

/* Begin PBXResourcesBuildPhase section */
		81F53B142A5B39BF00BCB33C /* Resources */ = {
			isa = PBXResourcesBuildPhase;
			buildActionMask = 2147483647;
			files = (
				81F53B262A5B39C000BCB33C /* LaunchScreen.storyboard in Resources */,
				81F53B232A5B39C000BCB33C /* Assets.xcassets in Resources */,
				81F53B212A5B39BF00BCB33C /* Main.storyboard in Resources */,
			);
			runOnlyForDeploymentPostprocessing = 0;
		};
		81F53B2A2A5B39C000BCB33C /* Resources */ = {
			isa = PBXResourcesBuildPhase;
			buildActionMask = 2147483647;
			files = (
			);
			runOnlyForDeploymentPostprocessing = 0;
		};
		81F53B342A5B39C000BCB33C /* Resources */ = {
			isa = PBXResourcesBuildPhase;
			buildActionMask = 2147483647;
			files = (
			);
			runOnlyForDeploymentPostprocessing = 0;
		};
/* End PBXResourcesBuildPhase section */

/* Begin PBXSourcesBuildPhase section */
		81F53B122A5B39BF00BCB33C /* Sources */ = {
			isa = PBXSourcesBuildPhase;
			buildActionMask = 2147483647;
			files = (
				81F53B1E2A5B39BF00BCB33C /* ImagesListViewController.swift in Sources */,
				813BEF252A7E9CB600BFE1AE /* WebViewViewControllerDelegate.swift in Sources */,
				813BEF232A7D8D8000BFE1AE /* WebViewController.swift in Sources */,
				81F53B4A2A5B4EB200BCB33C /* ImagesListCell.swift in Sources */,
				81F53B8A2A687B9F00BCB33C /* ProfileViewController.swift in Sources */,
				81F53B1A2A5B39BF00BCB33C /* AppDelegate.swift in Sources */,
				813BEF212A7C4C0000BFE1AE /* AuthViewController.swift in Sources */,
				813BEF1E2A7C319900BFE1AE /* Constants.swift in Sources */,
				81B8F4752A6BC11500EC9A70 /* SingleImageViewController.swift in Sources */,
				81F53B1C2A5B39BF00BCB33C /* SceneDelegate.swift in Sources */,
			);
			runOnlyForDeploymentPostprocessing = 0;
		};
		81F53B282A5B39C000BCB33C /* Sources */ = {
			isa = PBXSourcesBuildPhase;
			buildActionMask = 2147483647;
			files = (
				81F53B312A5B39C000BCB33C /* ImageFeedTests.swift in Sources */,
			);
			runOnlyForDeploymentPostprocessing = 0;
		};
		81F53B322A5B39C000BCB33C /* Sources */ = {
			isa = PBXSourcesBuildPhase;
			buildActionMask = 2147483647;
			files = (
				81F53B3D2A5B39C000BCB33C /* ImageFeedUITestsLaunchTests.swift in Sources */,
				81F53B3B2A5B39C000BCB33C /* ImageFeedUITests.swift in Sources */,
			);
			runOnlyForDeploymentPostprocessing = 0;
		};
/* End PBXSourcesBuildPhase section */

/* Begin PBXTargetDependency section */
		81F53B2E2A5B39C000BCB33C /* PBXTargetDependency */ = {
			isa = PBXTargetDependency;
			target = 81F53B152A5B39BF00BCB33C /* ImageFeed */;
			targetProxy = 81F53B2D2A5B39C000BCB33C /* PBXContainerItemProxy */;
		};
		81F53B382A5B39C000BCB33C /* PBXTargetDependency */ = {
			isa = PBXTargetDependency;
			target = 81F53B152A5B39BF00BCB33C /* ImageFeed */;
			targetProxy = 81F53B372A5B39C000BCB33C /* PBXContainerItemProxy */;
		};
/* End PBXTargetDependency section */

/* Begin PBXVariantGroup section */
		81F53B1F2A5B39BF00BCB33C /* Main.storyboard */ = {
			isa = PBXVariantGroup;
			children = (
				81F53B202A5B39BF00BCB33C /* Base */,
			);
			name = Main.storyboard;
			sourceTree = "<group>";
		};
		81F53B242A5B39C000BCB33C /* LaunchScreen.storyboard */ = {
			isa = PBXVariantGroup;
			children = (
				81F53B252A5B39C000BCB33C /* Base */,
			);
			name = LaunchScreen.storyboard;
			sourceTree = "<group>";
		};
/* End PBXVariantGroup section */

/* Begin XCBuildConfiguration section */
		81F53B3E2A5B39C000BCB33C /* Debug */ = {
			isa = XCBuildConfiguration;
			buildSettings = {
				ALWAYS_SEARCH_USER_PATHS = NO;
				CLANG_ANALYZER_NONNULL = YES;
				CLANG_ANALYZER_NUMBER_OBJECT_CONVERSION = YES_AGGRESSIVE;
				CLANG_CXX_LANGUAGE_STANDARD = "gnu++20";
				CLANG_ENABLE_MODULES = YES;
				CLANG_ENABLE_OBJC_ARC = YES;
				CLANG_ENABLE_OBJC_WEAK = YES;
				CLANG_WARN_BLOCK_CAPTURE_AUTORELEASING = YES;
				CLANG_WARN_BOOL_CONVERSION = YES;
				CLANG_WARN_COMMA = YES;
				CLANG_WARN_CONSTANT_CONVERSION = YES;
				CLANG_WARN_DEPRECATED_OBJC_IMPLEMENTATIONS = YES;
				CLANG_WARN_DIRECT_OBJC_ISA_USAGE = YES_ERROR;
				CLANG_WARN_DOCUMENTATION_COMMENTS = YES;
				CLANG_WARN_EMPTY_BODY = YES;
				CLANG_WARN_ENUM_CONVERSION = YES;
				CLANG_WARN_INFINITE_RECURSION = YES;
				CLANG_WARN_INT_CONVERSION = YES;
				CLANG_WARN_NON_LITERAL_NULL_CONVERSION = YES;
				CLANG_WARN_OBJC_IMPLICIT_RETAIN_SELF = YES;
				CLANG_WARN_OBJC_LITERAL_CONVERSION = YES;
				CLANG_WARN_OBJC_ROOT_CLASS = YES_ERROR;
				CLANG_WARN_QUOTED_INCLUDE_IN_FRAMEWORK_HEADER = YES;
				CLANG_WARN_RANGE_LOOP_ANALYSIS = YES;
				CLANG_WARN_STRICT_PROTOTYPES = YES;
				CLANG_WARN_SUSPICIOUS_MOVE = YES;
				CLANG_WARN_UNGUARDED_AVAILABILITY = YES_AGGRESSIVE;
				CLANG_WARN_UNREACHABLE_CODE = YES;
				CLANG_WARN__DUPLICATE_METHOD_MATCH = YES;
				COPY_PHASE_STRIP = NO;
				DEBUG_INFORMATION_FORMAT = dwarf;
				ENABLE_STRICT_OBJC_MSGSEND = YES;
				ENABLE_TESTABILITY = YES;
				GCC_C_LANGUAGE_STANDARD = gnu11;
				GCC_DYNAMIC_NO_PIC = NO;
				GCC_NO_COMMON_BLOCKS = YES;
				GCC_OPTIMIZATION_LEVEL = 0;
				GCC_PREPROCESSOR_DEFINITIONS = (
					"DEBUG=1",
					"$(inherited)",
				);
				GCC_WARN_64_TO_32_BIT_CONVERSION = YES;
				GCC_WARN_ABOUT_RETURN_TYPE = YES_ERROR;
				GCC_WARN_UNDECLARED_SELECTOR = YES;
				GCC_WARN_UNINITIALIZED_AUTOS = YES_AGGRESSIVE;
				GCC_WARN_UNUSED_FUNCTION = YES;
				GCC_WARN_UNUSED_VARIABLE = YES;
				IPHONEOS_DEPLOYMENT_TARGET = 13.0;
				MTL_ENABLE_DEBUG_INFO = INCLUDE_SOURCE;
				MTL_FAST_MATH = YES;
				ONLY_ACTIVE_ARCH = YES;
				SDKROOT = iphoneos;
				SWIFT_ACTIVE_COMPILATION_CONDITIONS = DEBUG;
				SWIFT_OPTIMIZATION_LEVEL = "-Onone";
			};
			name = Debug;
		};
		81F53B3F2A5B39C000BCB33C /* Release */ = {
			isa = XCBuildConfiguration;
			buildSettings = {
				ALWAYS_SEARCH_USER_PATHS = NO;
				CLANG_ANALYZER_NONNULL = YES;
				CLANG_ANALYZER_NUMBER_OBJECT_CONVERSION = YES_AGGRESSIVE;
				CLANG_CXX_LANGUAGE_STANDARD = "gnu++20";
				CLANG_ENABLE_MODULES = YES;
				CLANG_ENABLE_OBJC_ARC = YES;
				CLANG_ENABLE_OBJC_WEAK = YES;
				CLANG_WARN_BLOCK_CAPTURE_AUTORELEASING = YES;
				CLANG_WARN_BOOL_CONVERSION = YES;
				CLANG_WARN_COMMA = YES;
				CLANG_WARN_CONSTANT_CONVERSION = YES;
				CLANG_WARN_DEPRECATED_OBJC_IMPLEMENTATIONS = YES;
				CLANG_WARN_DIRECT_OBJC_ISA_USAGE = YES_ERROR;
				CLANG_WARN_DOCUMENTATION_COMMENTS = YES;
				CLANG_WARN_EMPTY_BODY = YES;
				CLANG_WARN_ENUM_CONVERSION = YES;
				CLANG_WARN_INFINITE_RECURSION = YES;
				CLANG_WARN_INT_CONVERSION = YES;
				CLANG_WARN_NON_LITERAL_NULL_CONVERSION = YES;
				CLANG_WARN_OBJC_IMPLICIT_RETAIN_SELF = YES;
				CLANG_WARN_OBJC_LITERAL_CONVERSION = YES;
				CLANG_WARN_OBJC_ROOT_CLASS = YES_ERROR;
				CLANG_WARN_QUOTED_INCLUDE_IN_FRAMEWORK_HEADER = YES;
				CLANG_WARN_RANGE_LOOP_ANALYSIS = YES;
				CLANG_WARN_STRICT_PROTOTYPES = YES;
				CLANG_WARN_SUSPICIOUS_MOVE = YES;
				CLANG_WARN_UNGUARDED_AVAILABILITY = YES_AGGRESSIVE;
				CLANG_WARN_UNREACHABLE_CODE = YES;
				CLANG_WARN__DUPLICATE_METHOD_MATCH = YES;
				COPY_PHASE_STRIP = NO;
				DEBUG_INFORMATION_FORMAT = "dwarf-with-dsym";
				ENABLE_NS_ASSERTIONS = NO;
				ENABLE_STRICT_OBJC_MSGSEND = YES;
				GCC_C_LANGUAGE_STANDARD = gnu11;
				GCC_NO_COMMON_BLOCKS = YES;
				GCC_WARN_64_TO_32_BIT_CONVERSION = YES;
				GCC_WARN_ABOUT_RETURN_TYPE = YES_ERROR;
				GCC_WARN_UNDECLARED_SELECTOR = YES;
				GCC_WARN_UNINITIALIZED_AUTOS = YES_AGGRESSIVE;
				GCC_WARN_UNUSED_FUNCTION = YES;
				GCC_WARN_UNUSED_VARIABLE = YES;
				IPHONEOS_DEPLOYMENT_TARGET = 13.0;
				MTL_ENABLE_DEBUG_INFO = NO;
				MTL_FAST_MATH = YES;
				SDKROOT = iphoneos;
				SWIFT_COMPILATION_MODE = wholemodule;
				SWIFT_OPTIMIZATION_LEVEL = "-O";
				VALIDATE_PRODUCT = YES;
			};
			name = Release;
		};
		81F53B412A5B39C000BCB33C /* Debug */ = {
			isa = XCBuildConfiguration;
			buildSettings = {
				ASSETCATALOG_COMPILER_APPICON_NAME = AppIcon;
				ASSETCATALOG_COMPILER_GLOBAL_ACCENT_COLOR_NAME = AccentColor;
				CODE_SIGN_STYLE = Automatic;
				CURRENT_PROJECT_VERSION = 1;
				DEVELOPMENT_TEAM = D7T3X3Y5K7;
				GENERATE_INFOPLIST_FILE = YES;
				INFOPLIST_FILE = ImageFeed/Info.plist;
				INFOPLIST_KEY_UIApplicationSupportsIndirectInputEvents = YES;
				INFOPLIST_KEY_UILaunchStoryboardName = LaunchScreen;
				INFOPLIST_KEY_UIMainStoryboardFile = Main;
				INFOPLIST_KEY_UIStatusBarStyle = UIStatusBarStyleLightContent;
				INFOPLIST_KEY_UISupportedInterfaceOrientations = UIInterfaceOrientationPortrait;
				IPHONEOS_DEPLOYMENT_TARGET = 13.0;
				LD_RUNPATH_SEARCH_PATHS = (
					"$(inherited)",
					"@executable_path/Frameworks",
				);
				MARKETING_VERSION = 1.0;
				PRODUCT_BUNDLE_IDENTIFIER = com.artkamadi.ImageFeed;
				PRODUCT_NAME = "$(TARGET_NAME)";
				SWIFT_EMIT_LOC_STRINGS = YES;
				SWIFT_VERSION = 5.0;
				TARGETED_DEVICE_FAMILY = "1,2";
			};
			name = Debug;
		};
		81F53B422A5B39C000BCB33C /* Release */ = {
			isa = XCBuildConfiguration;
			buildSettings = {
				ASSETCATALOG_COMPILER_APPICON_NAME = AppIcon;
				ASSETCATALOG_COMPILER_GLOBAL_ACCENT_COLOR_NAME = AccentColor;
				CODE_SIGN_STYLE = Automatic;
				CURRENT_PROJECT_VERSION = 1;
				DEVELOPMENT_TEAM = D7T3X3Y5K7;
				GENERATE_INFOPLIST_FILE = YES;
				INFOPLIST_FILE = ImageFeed/Info.plist;
				INFOPLIST_KEY_UIApplicationSupportsIndirectInputEvents = YES;
				INFOPLIST_KEY_UILaunchStoryboardName = LaunchScreen;
				INFOPLIST_KEY_UIMainStoryboardFile = Main;
				INFOPLIST_KEY_UIStatusBarStyle = UIStatusBarStyleLightContent;
				INFOPLIST_KEY_UISupportedInterfaceOrientations = UIInterfaceOrientationPortrait;
				IPHONEOS_DEPLOYMENT_TARGET = 13.0;
				LD_RUNPATH_SEARCH_PATHS = (
					"$(inherited)",
					"@executable_path/Frameworks",
				);
				MARKETING_VERSION = 1.0;
				PRODUCT_BUNDLE_IDENTIFIER = com.artkamadi.ImageFeed;
				PRODUCT_NAME = "$(TARGET_NAME)";
				SWIFT_EMIT_LOC_STRINGS = YES;
				SWIFT_VERSION = 5.0;
				TARGETED_DEVICE_FAMILY = "1,2";
			};
			name = Release;
		};
		81F53B442A5B39C000BCB33C /* Debug */ = {
			isa = XCBuildConfiguration;
			buildSettings = {
				ALWAYS_EMBED_SWIFT_STANDARD_LIBRARIES = YES;
				BUNDLE_LOADER = "$(TEST_HOST)";
				CODE_SIGN_STYLE = Automatic;
				CURRENT_PROJECT_VERSION = 1;
				DEVELOPMENT_TEAM = D7T3X3Y5K7;
				GENERATE_INFOPLIST_FILE = YES;
				IPHONEOS_DEPLOYMENT_TARGET = 16.4;
				MARKETING_VERSION = 1.0;
				PRODUCT_BUNDLE_IDENTIFIER = com.artkamadi.ImageFeedTests;
				PRODUCT_NAME = "$(TARGET_NAME)";
				SWIFT_EMIT_LOC_STRINGS = NO;
				SWIFT_VERSION = 5.0;
				TARGETED_DEVICE_FAMILY = "1,2";
				TEST_HOST = "$(BUILT_PRODUCTS_DIR)/ImageFeed.app/$(BUNDLE_EXECUTABLE_FOLDER_PATH)/ImageFeed";
			};
			name = Debug;
		};
		81F53B452A5B39C000BCB33C /* Release */ = {
			isa = XCBuildConfiguration;
			buildSettings = {
				ALWAYS_EMBED_SWIFT_STANDARD_LIBRARIES = YES;
				BUNDLE_LOADER = "$(TEST_HOST)";
				CODE_SIGN_STYLE = Automatic;
				CURRENT_PROJECT_VERSION = 1;
				DEVELOPMENT_TEAM = D7T3X3Y5K7;
				GENERATE_INFOPLIST_FILE = YES;
				IPHONEOS_DEPLOYMENT_TARGET = 16.4;
				MARKETING_VERSION = 1.0;
				PRODUCT_BUNDLE_IDENTIFIER = com.artkamadi.ImageFeedTests;
				PRODUCT_NAME = "$(TARGET_NAME)";
				SWIFT_EMIT_LOC_STRINGS = NO;
				SWIFT_VERSION = 5.0;
				TARGETED_DEVICE_FAMILY = "1,2";
				TEST_HOST = "$(BUILT_PRODUCTS_DIR)/ImageFeed.app/$(BUNDLE_EXECUTABLE_FOLDER_PATH)/ImageFeed";
			};
			name = Release;
		};
		81F53B472A5B39C000BCB33C /* Debug */ = {
			isa = XCBuildConfiguration;
			buildSettings = {
				ALWAYS_EMBED_SWIFT_STANDARD_LIBRARIES = YES;
				CODE_SIGN_STYLE = Automatic;
				CURRENT_PROJECT_VERSION = 1;
				DEVELOPMENT_TEAM = D7T3X3Y5K7;
				GENERATE_INFOPLIST_FILE = YES;
				MARKETING_VERSION = 1.0;
				PRODUCT_BUNDLE_IDENTIFIER = com.artkamadi.ImageFeedUITests;
				PRODUCT_NAME = "$(TARGET_NAME)";
				SWIFT_EMIT_LOC_STRINGS = NO;
				SWIFT_VERSION = 5.0;
				TARGETED_DEVICE_FAMILY = "1,2";
				TEST_TARGET_NAME = ImageFeed;
			};
			name = Debug;
		};
		81F53B482A5B39C000BCB33C /* Release */ = {
			isa = XCBuildConfiguration;
			buildSettings = {
				ALWAYS_EMBED_SWIFT_STANDARD_LIBRARIES = YES;
				CODE_SIGN_STYLE = Automatic;
				CURRENT_PROJECT_VERSION = 1;
				DEVELOPMENT_TEAM = D7T3X3Y5K7;
				GENERATE_INFOPLIST_FILE = YES;
				MARKETING_VERSION = 1.0;
				PRODUCT_BUNDLE_IDENTIFIER = com.artkamadi.ImageFeedUITests;
				PRODUCT_NAME = "$(TARGET_NAME)";
				SWIFT_EMIT_LOC_STRINGS = NO;
				SWIFT_VERSION = 5.0;
				TARGETED_DEVICE_FAMILY = "1,2";
				TEST_TARGET_NAME = ImageFeed;
			};
			name = Release;
		};
/* End XCBuildConfiguration section */

/* Begin XCConfigurationList section */
		81F53B112A5B39BF00BCB33C /* Build configuration list for PBXProject "ImageFeed" */ = {
			isa = XCConfigurationList;
			buildConfigurations = (
				81F53B3E2A5B39C000BCB33C /* Debug */,
				81F53B3F2A5B39C000BCB33C /* Release */,
			);
			defaultConfigurationIsVisible = 0;
			defaultConfigurationName = Release;
		};
		81F53B402A5B39C000BCB33C /* Build configuration list for PBXNativeTarget "ImageFeed" */ = {
			isa = XCConfigurationList;
			buildConfigurations = (
				81F53B412A5B39C000BCB33C /* Debug */,
				81F53B422A5B39C000BCB33C /* Release */,
			);
			defaultConfigurationIsVisible = 0;
			defaultConfigurationName = Release;
		};
		81F53B432A5B39C000BCB33C /* Build configuration list for PBXNativeTarget "ImageFeedTests" */ = {
			isa = XCConfigurationList;
			buildConfigurations = (
				81F53B442A5B39C000BCB33C /* Debug */,
				81F53B452A5B39C000BCB33C /* Release */,
			);
			defaultConfigurationIsVisible = 0;
			defaultConfigurationName = Release;
		};
		81F53B462A5B39C000BCB33C /* Build configuration list for PBXNativeTarget "ImageFeedUITests" */ = {
			isa = XCConfigurationList;
			buildConfigurations = (
				81F53B472A5B39C000BCB33C /* Debug */,
				81F53B482A5B39C000BCB33C /* Release */,
			);
			defaultConfigurationIsVisible = 0;
			defaultConfigurationName = Release;
		};
/* End XCConfigurationList section */
	};
	rootObject = 81F53B0E2A5B39BF00BCB33C /* Project object */;
}
